
Microsoft Visual Studio Solution File, Format Version 12.00
# Visual Studio Version 17
VisualStudioVersion = 17.7.34031.279
MinimumVisualStudioVersion = 10.0.40219.1
Project("{FAE04EC0-301F-11D3-BF4B-00C04F79EFBC}") = "Test_github", "Test_github\Test_github.csproj", "{EDC691B8-B6C2-479E-B9AD-623DC14AF367}"
EndProject
Global
	GlobalSection(SolutionConfigurationPlatforms) = preSolution
		Debug|Any CPU = Debug|Any CPU
		Release|Any CPU = Release|Any CPU
	EndGlobalSection
	GlobalSection(ProjectConfigurationPlatforms) = postSolution
		{EDC691B8-B6C2-479E-B9AD-623DC14AF367}.Debug|Any CPU.ActiveCfg = Debug|Any CPU
		{EDC691B8-B6C2-479E-B9AD-623DC14AF367}.Debug|Any CPU.Build.0 = Debug|Any CPU
		{EDC691B8-B6C2-479E-B9AD-623DC14AF367}.Release|Any CPU.ActiveCfg = Release|Any CPU
		{EDC691B8-B6C2-479E-B9AD-623DC14AF367}.Release|Any CPU.Build.0 = Release|Any CPU
	EndGlobalSection
	GlobalSection(SolutionProperties) = preSolution
		HideSolutionNode = FALSE
	EndGlobalSection
	GlobalSection(ExtensibilityGlobals) = postSolution
		SolutionGuid = {FDED9702-D6FD-4A81-9253-97D636E460AC}
	EndGlobalSection
EndGlobal
